
Microsoft Visual Studio Solution File, Format Version 12.00
# Visual Studio Version 17
VisualStudioVersion = 17.8.34511.84
MinimumVisualStudioVersion = 10.0.40219.1
Project("{FAE04EC0-301F-11D3-BF4B-00C04F79EFBC}") = "EmailSender", "EmailSender\EmailSender.csproj", "{EC47F2FB-700F-4EF6-8927-A055BF9C77FC}"
EndProject
Global
	GlobalSection(SolutionConfigurationPlatforms) = preSolution
		Debug|Any CPU = Debug|Any CPU
		Release|Any CPU = Release|Any CPU
	EndGlobalSection
	GlobalSection(ProjectConfigurationPlatforms) = postSolution
		{EC47F2FB-700F-4EF6-8927-A055BF9C77FC}.Debug|Any CPU.ActiveCfg = Debug|Any CPU
		{EC47F2FB-700F-4EF6-8927-A055BF9C77FC}.Debug|Any CPU.Build.0 = Debug|Any CPU
		{EC47F2FB-700F-4EF6-8927-A055BF9C77FC}.Release|Any CPU.ActiveCfg = Release|Any CPU
		{EC47F2FB-700F-4EF6-8927-A055BF9C77FC}.Release|Any CPU.Build.0 = Release|Any CPU
	EndGlobalSection
	GlobalSection(SolutionProperties) = preSolution
		HideSolutionNode = FALSE
	EndGlobalSection
	GlobalSection(ExtensibilityGlobals) = postSolution
		SolutionGuid = {98B7A04D-C944-4E28-9F14-D1AAA1D29D47}
	EndGlobalSection
EndGlobal
